
Microsoft Visual Studio Solution File, Format Version 12.00
# Visual Studio Version 17
VisualStudioVersion = 17.7.34009.444
MinimumVisualStudioVersion = 10.0.40219.1
Project("{2150E333-8FDC-42A3-9474-1A3956D46DE8}") = "API", "API", "{082E7C1F-C415-472B-8407-E459B37F5A3C}"
EndProject
Project("{2150E333-8FDC-42A3-9474-1A3956D46DE8}") = "App", "App", "{F6C9D992-2A7B-4AC3-9B52-B527237E23D5}"
EndProject
Project("{9A19103F-16F7-4668-BE54-9A1E7A4F7556}") = "JobSearch.API", "JobSearch.API\JobSearch.API.csproj", "{C73800A7-4FE9-4EAD-A989-CDCCD04352B4}"
EndProject
Project("{FAE04EC0-301F-11D3-BF4B-00C04F79EFBC}") = "JobSearch.App.UWP", "JobSearch.App\JobSearch.App.UWP\JobSearch.App.UWP.csproj", "{6EE54068-0948-4754-BA8D-AD5AF5740904}"
EndProject
Project("{FAE04EC0-301F-11D3-BF4B-00C04F79EFBC}") = "JobSearch.App.Android", "JobSearch.App\JobSearch.App.Android\JobSearch.App.Android.csproj", "{111D3607-7034-4590-8EF7-D71126F37BE3}"
EndProject
Project("{9A19103F-16F7-4668-BE54-9A1E7A4F7556}") = "JobSearch.App", "JobSearch.App\JobSearch.App\JobSearch.App.csproj", "{AF70E9BF-210A-44D7-9D0D-8C1D463EAFAB}"
EndProject
Project("{2150E333-8FDC-42A3-9474-1A3956D46DE8}") = "Domain", "Domain", "{711E1E44-E3D2-43B7-AE24-2E0430F0F8D4}"
EndProject
Project("{9A19103F-16F7-4668-BE54-9A1E7A4F7556}") = "JobSearch.Domain", "JobSearch.Domain\JobSearch.Domain.csproj", "{5E648F70-9D2A-42A1-BAE8-C4641F97F3A2}"
EndProject
Global
	GlobalSection(SolutionConfigurationPlatforms) = preSolution
		Debug|Any CPU = Debug|Any CPU
		Debug|ARM = Debug|ARM
		Debug|x64 = Debug|x64
		Debug|x86 = Debug|x86
		Release|Any CPU = Release|Any CPU
		Release|ARM = Release|ARM
		Release|x64 = Release|x64
		Release|x86 = Release|x86
	EndGlobalSection
	GlobalSection(ProjectConfigurationPlatforms) = postSolution
		{C73800A7-4FE9-4EAD-A989-CDCCD04352B4}.Debug|Any CPU.ActiveCfg = Debug|Any CPU
		{C73800A7-4FE9-4EAD-A989-CDCCD04352B4}.Debug|Any CPU.Build.0 = Debug|Any CPU
		{C73800A7-4FE9-4EAD-A989-CDCCD04352B4}.Debug|ARM.ActiveCfg = Debug|Any CPU
		{C73800A7-4FE9-4EAD-A989-CDCCD04352B4}.Debug|ARM.Build.0 = Debug|Any CPU
		{C73800A7-4FE9-4EAD-A989-CDCCD04352B4}.Debug|x64.ActiveCfg = Debug|Any CPU
		{C73800A7-4FE9-4EAD-A989-CDCCD04352B4}.Debug|x64.Build.0 = Debug|Any CPU
		{C73800A7-4FE9-4EAD-A989-CDCCD04352B4}.Debug|x86.ActiveCfg = Debug|Any CPU
		{C73800A7-4FE9-4EAD-A989-CDCCD04352B4}.Debug|x86.Build.0 = Debug|Any CPU
		{C73800A7-4FE9-4EAD-A989-CDCCD04352B4}.Release|Any CPU.ActiveCfg = Release|Any CPU
		{C73800A7-4FE9-4EAD-A989-CDCCD04352B4}.Release|Any CPU.Build.0 = Release|Any CPU
		{C73800A7-4FE9-4EAD-A989-CDCCD04352B4}.Release|ARM.ActiveCfg = Release|Any CPU
		{C73800A7-4FE9-4EAD-A989-CDCCD04352B4}.Release|ARM.Build.0 = Release|Any CPU
		{C73800A7-4FE9-4EAD-A989-CDCCD04352B4}.Release|x64.ActiveCfg = Release|Any CPU
		{C73800A7-4FE9-4EAD-A989-CDCCD04352B4}.Release|x64.Build.0 = Release|Any CPU
		{C73800A7-4FE9-4EAD-A989-CDCCD04352B4}.Release|x86.ActiveCfg = Release|Any CPU
		{C73800A7-4FE9-4EAD-A989-CDCCD04352B4}.Release|x86.Build.0 = Release|Any CPU
		{6EE54068-0948-4754-BA8D-AD5AF5740904}.Debug|Any CPU.ActiveCfg = Debug|x64
		{6EE54068-0948-4754-BA8D-AD5AF5740904}.Debug|Any CPU.Build.0 = Debug|x64
		{6EE54068-0948-4754-BA8D-AD5AF5740904}.Debug|Any CPU.Deploy.0 = Debug|x64
		{6EE54068-0948-4754-BA8D-AD5AF5740904}.Debug|ARM.ActiveCfg = Debug|ARM
		{6EE54068-0948-4754-BA8D-AD5AF5740904}.Debug|ARM.Build.0 = Debug|ARM
		{6EE54068-0948-4754-BA8D-AD5AF5740904}.Debug|ARM.Deploy.0 = Debug|ARM
		{6EE54068-0948-4754-BA8D-AD5AF5740904}.Debug|x64.ActiveCfg = Debug|x64
		{6EE54068-0948-4754-BA8D-AD5AF5740904}.Debug|x64.Build.0 = Debug|x64
		{6EE54068-0948-4754-BA8D-AD5AF5740904}.Debug|x64.Deploy.0 = Debug|x64
		{6EE54068-0948-4754-BA8D-AD5AF5740904}.Debug|x86.ActiveCfg = Debug|x86
		{6EE54068-0948-4754-BA8D-AD5AF5740904}.Debug|x86.Build.0 = Debug|x86
		{6EE54068-0948-4754-BA8D-AD5AF5740904}.Debug|x86.Deploy.0 = Debug|x86
		{6EE54068-0948-4754-BA8D-AD5AF5740904}.Release|Any CPU.ActiveCfg = Release|x64
		{6EE54068-0948-4754-BA8D-AD5AF5740904}.Release|Any CPU.Build.0 = Release|x64
		{6EE54068-0948-4754-BA8D-AD5AF5740904}.Release|Any CPU.Deploy.0 = Release|x64
		{6EE54068-0948-4754-BA8D-AD5AF5740904}.Release|ARM.ActiveCfg = Release|ARM
		{6EE54068-0948-4754-BA8D-AD5AF5740904}.Release|ARM.Build.0 = Release|ARM
		{6EE54068-0948-4754-BA8D-AD5AF5740904}.Release|ARM.Deploy.0 = Release|ARM
		{6EE54068-0948-4754-BA8D-AD5AF5740904}.Release|x64.ActiveCfg = Release|x64
		{6EE54068-0948-4754-BA8D-AD5AF5740904}.Release|x64.Build.0 = Release|x64
		{6EE54068-0948-4754-BA8D-AD5AF5740904}.Release|x64.Deploy.0 = Release|x64
		{6EE54068-0948-4754-BA8D-AD5AF5740904}.Release|x86.ActiveCfg = Release|x86
		{6EE54068-0948-4754-BA8D-AD5AF5740904}.Release|x86.Build.0 = Release|x86
		{6EE54068-0948-4754-BA8D-AD5AF5740904}.Release|x86.Deploy.0 = Release|x86
		{111D3607-7034-4590-8EF7-D71126F37BE3}.Debug|Any CPU.ActiveCfg = Debug|Any CPU
		{111D3607-7034-4590-8EF7-D71126F37BE3}.Debug|Any CPU.Build.0 = Debug|Any CPU
		{111D3607-7034-4590-8EF7-D71126F37BE3}.Debug|Any CPU.Deploy.0 = Debug|Any CPU
		{111D3607-7034-4590-8EF7-D71126F37BE3}.Debug|ARM.ActiveCfg = Debug|Any CPU
		{111D3607-7034-4590-8EF7-D71126F37BE3}.Debug|ARM.Build.0 = Debug|Any CPU
		{111D3607-7034-4590-8EF7-D71126F37BE3}.Debug|ARM.Deploy.0 = Debug|Any CPU
		{111D3607-7034-4590-8EF7-D71126F37BE3}.Debug|x64.ActiveCfg = Debug|Any CPU
		{111D3607-7034-4590-8EF7-D71126F37BE3}.Debug|x64.Build.0 = Debug|Any CPU
		{111D3607-7034-4590-8EF7-D71126F37BE3}.Debug|x64.Deploy.0 = Debug|Any CPU
		{111D3607-7034-4590-8EF7-D71126F37BE3}.Debug|x86.ActiveCfg = Debug|Any CPU
		{111D3607-7034-4590-8EF7-D71126F37BE3}.Debug|x86.Build.0 = Debug|Any CPU
		{111D3607-7034-4590-8EF7-D71126F37BE3}.Debug|x86.Deploy.0 = Debug|Any CPU
		{111D3607-7034-4590-8EF7-D71126F37BE3}.Release|Any CPU.ActiveCfg = Release|Any CPU
		{111D3607-7034-4590-8EF7-D71126F37BE3}.Release|Any CPU.Build.0 = Release|Any CPU
		{111D3607-7034-4590-8EF7-D71126F37BE3}.Release|Any CPU.Deploy.0 = Release|Any CPU
		{111D3607-7034-4590-8EF7-D71126F37BE3}.Release|ARM.ActiveCfg = Release|Any CPU
		{111D3607-7034-4590-8EF7-D71126F37BE3}.Release|ARM.Build.0 = Release|Any CPU
		{111D3607-7034-4590-8EF7-D71126F37BE3}.Release|ARM.Deploy.0 = Release|Any CPU
		{111D3607-7034-4590-8EF7-D71126F37BE3}.Release|x64.ActiveCfg = Release|Any CPU
		{111D3607-7034-4590-8EF7-D71126F37BE3}.Release|x64.Build.0 = Release|Any CPU
		{111D3607-7034-4590-8EF7-D71126F37BE3}.Release|x64.Deploy.0 = Release|Any CPU
		{111D3607-7034-4590-8EF7-D71126F37BE3}.Release|x86.ActiveCfg = Release|Any CPU
		{111D3607-7034-4590-8EF7-D71126F37BE3}.Release|x86.Build.0 = Release|Any CPU
		{111D3607-7034-4590-8EF7-D71126F37BE3}.Release|x86.Deploy.0 = Release|Any CPU
		{AF70E9BF-210A-44D7-9D0D-8C1D463EAFAB}.Debug|Any CPU.ActiveCfg = Debug|Any CPU
		{AF70E9BF-210A-44D7-9D0D-8C1D463EAFAB}.Debug|Any CPU.Build.0 = Debug|Any CPU
		{AF70E9BF-210A-44D7-9D0D-8C1D463EAFAB}.Debug|ARM.ActiveCfg = Debug|Any CPU
		{AF70E9BF-210A-44D7-9D0D-8C1D463EAFAB}.Debug|ARM.Build.0 = Debug|Any CPU
		{AF70E9BF-210A-44D7-9D0D-8C1D463EAFAB}.Debug|x64.ActiveCfg = Debug|Any CPU
		{AF70E9BF-210A-44D7-9D0D-8C1D463EAFAB}.Debug|x64.Build.0 = Debug|Any CPU
		{AF70E9BF-210A-44D7-9D0D-8C1D463EAFAB}.Debug|x86.ActiveCfg = Debug|Any CPU
		{AF70E9BF-210A-44D7-9D0D-8C1D463EAFAB}.Debug|x86.Build.0 = Debug|Any CPU
		{AF70E9BF-210A-44D7-9D0D-8C1D463EAFAB}.Release|Any CPU.ActiveCfg = Release|Any CPU
		{AF70E9BF-210A-44D7-9D0D-8C1D463EAFAB}.Release|Any CPU.Build.0 = Release|Any CPU
		{AF70E9BF-210A-44D7-9D0D-8C1D463EAFAB}.Release|ARM.ActiveCfg = Release|Any CPU
		{AF70E9BF-210A-44D7-9D0D-8C1D463EAFAB}.Release|ARM.Build.0 = Release|Any CPU
		{AF70E9BF-210A-44D7-9D0D-8C1D463EAFAB}.Release|x64.ActiveCfg = Release|Any CPU
		{AF70E9BF-210A-44D7-9D0D-8C1D463EAFAB}.Release|x64.Build.0 = Release|Any CPU
		{AF70E9BF-210A-44D7-9D0D-8C1D463EAFAB}.Release|x86.ActiveCfg = Release|Any CPU
		{AF70E9BF-210A-44D7-9D0D-8C1D463EAFAB}.Release|x86.Build.0 = Release|Any CPU
		{5E648F70-9D2A-42A1-BAE8-C4641F97F3A2}.Debug|Any CPU.ActiveCfg = Debug|Any CPU
		{5E648F70-9D2A-42A1-BAE8-C4641F97F3A2}.Debug|Any CPU.Build.0 = Debug|Any CPU
		{5E648F70-9D2A-42A1-BAE8-C4641F97F3A2}.Debug|ARM.ActiveCfg = Debug|Any CPU
		{5E648F70-9D2A-42A1-BAE8-C4641F97F3A2}.Debug|ARM.Build.0 = Debug|Any CPU
		{5E648F70-9D2A-42A1-BAE8-C4641F97F3A2}.Debug|x64.ActiveCfg = Debug|Any CPU
		{5E648F70-9D2A-42A1-BAE8-C4641F97F3A2}.Debug|x64.Build.0 = Debug|Any CPU
		{5E648F70-9D2A-42A1-BAE8-C4641F97F3A2}.Debug|x86.ActiveCfg = Debug|Any CPU
		{5E648F70-9D2A-42A1-BAE8-C4641F97F3A2}.Debug|x86.Build.0 = Debug|Any CPU
		{5E648F70-9D2A-42A1-BAE8-C4641F97F3A2}.Release|Any CPU.ActiveCfg = Release|Any CPU
		{5E648F70-9D2A-42A1-BAE8-C4641F97F3A2}.Release|Any CPU.Build.0 = Release|Any CPU
		{5E648F70-9D2A-42A1-BAE8-C4641F97F3A2}.Release|ARM.ActiveCfg = Release|Any CPU
		{5E648F70-9D2A-42A1-BAE8-C4641F97F3A2}.Release|ARM.Build.0 = Release|Any CPU
		{5E648F70-9D2A-42A1-BAE8-C4641F97F3A2}.Release|x64.ActiveCfg = Release|Any CPU
		{5E648F70-9D2A-42A1-BAE8-C4641F97F3A2}.Release|x64.Build.0 = Release|Any CPU
		{5E648F70-9D2A-42A1-BAE8-C4641F97F3A2}.Release|x86.ActiveCfg = Release|Any CPU
		{5E648F70-9D2A-42A1-BAE8-C4641F97F3A2}.Release|x86.Build.0 = Release|Any CPU
	EndGlobalSection
	GlobalSection(SolutionProperties) = preSolution
		HideSolutionNode = FALSE
	EndGlobalSection
	GlobalSection(NestedProjects) = preSolution
		{C73800A7-4FE9-4EAD-A989-CDCCD04352B4} = {082E7C1F-C415-472B-8407-E459B37F5A3C}
		{6EE54068-0948-4754-BA8D-AD5AF5740904} = {F6C9D992-2A7B-4AC3-9B52-B527237E23D5}
		{111D3607-7034-4590-8EF7-D71126F37BE3} = {F6C9D992-2A7B-4AC3-9B52-B527237E23D5}
		{AF70E9BF-210A-44D7-9D0D-8C1D463EAFAB} = {F6C9D992-2A7B-4AC3-9B52-B527237E23D5}
		{5E648F70-9D2A-42A1-BAE8-C4641F97F3A2} = {711E1E44-E3D2-43B7-AE24-2E0430F0F8D4}
	EndGlobalSection
	GlobalSection(ExtensibilityGlobals) = postSolution
		SolutionGuid = {7C11D707-9AA7-4BE5-9B39-D4CCA4BEFBAD}
	EndGlobalSection
EndGlobal
